// !$*UTF8*$!
{
	archiveVersion = 1;
	classes = {
	};
	objectVersion = 51;
	objects = {

/* Begin PBXBuildFile section */
		21621184C1D7418A2A004136 /* Pods_ToDoList.framework in Frameworks */ = {isa = PBXBuildFile; fileRef = A55E116C06BE90F297463DF8 /* Pods_ToDoList.framework */; };
		6D4E76E124DEE7350068BAE4 /* AppDelegate.swift in Sources */ = {isa = PBXBuildFile; fileRef = 6D4E76E024DEE7350068BAE4 /* AppDelegate.swift */; };
		6D4E76E324DEE7350068BAE4 /* SceneDelegate.swift in Sources */ = {isa = PBXBuildFile; fileRef = 6D4E76E224DEE7350068BAE4 /* SceneDelegate.swift */; };
		6D4E76E524DEE7350068BAE4 /* ToDoListViewController.swift in Sources */ = {isa = PBXBuildFile; fileRef = 6D4E76E424DEE7350068BAE4 /* ToDoListViewController.swift */; };
		6D4E76E824DEE7350068BAE4 /* Main.storyboard in Resources */ = {isa = PBXBuildFile; fileRef = 6D4E76E624DEE7350068BAE4 /* Main.storyboard */; };
		6D4E76EA24DEE7360068BAE4 /* Assets.xcassets in Resources */ = {isa = PBXBuildFile; fileRef = 6D4E76E924DEE7360068BAE4 /* Assets.xcassets */; };
		6D4E76ED24DEE7360068BAE4 /* LaunchScreen.storyboard in Resources */ = {isa = PBXBuildFile; fileRef = 6D4E76EB24DEE7360068BAE4 /* LaunchScreen.storyboard */; };
		6D4EAD2F24E5EC18009954D1 /* CategoryViewController.swift in Sources */ = {isa = PBXBuildFile; fileRef = 6D4EAD2E24E5EC18009954D1 /* CategoryViewController.swift */; };
		6DB3B9CF24E8386D007F7339 /* Item.swift in Sources */ = {isa = PBXBuildFile; fileRef = 6DB3B9CE24E8386D007F7339 /* Item.swift */; };
		6DB3B9D124E838FA007F7339 /* Category.swift in Sources */ = {isa = PBXBuildFile; fileRef = 6DB3B9D024E838FA007F7339 /* Category.swift */; };
		6DE4F10324EB1FBE005F1217 /* SwipeTableViewController.swift in Sources */ = {isa = PBXBuildFile; fileRef = 6DE4F10224EB1FBE005F1217 /* SwipeTableViewController.swift */; };
/* End PBXBuildFile section */

/* Begin PBXFileReference section */
		1521D9F76087F2154A02B519 /* Pods-ToDoList.release.xcconfig */ = {isa = PBXFileReference; includeInIndex = 1; lastKnownFileType = text.xcconfig; name = "Pods-ToDoList.release.xcconfig"; path = "Target Support Files/Pods-ToDoList/Pods-ToDoList.release.xcconfig"; sourceTree = "<group>"; };
		3ABD8593BD372D1D52372E0E /* Pods-ToDoList.debug.xcconfig */ = {isa = PBXFileReference; includeInIndex = 1; lastKnownFileType = text.xcconfig; name = "Pods-ToDoList.debug.xcconfig"; path = "Target Support Files/Pods-ToDoList/Pods-ToDoList.debug.xcconfig"; sourceTree = "<group>"; };
		6D4E76DD24DEE7350068BAE4 /* ToDoList.app */ = {isa = PBXFileReference; explicitFileType = wrapper.application; includeInIndex = 0; path = ToDoList.app; sourceTree = BUILT_PRODUCTS_DIR; };
		6D4E76E024DEE7350068BAE4 /* AppDelegate.swift */ = {isa = PBXFileReference; lastKnownFileType = sourcecode.swift; path = AppDelegate.swift; sourceTree = "<group>"; };
		6D4E76E224DEE7350068BAE4 /* SceneDelegate.swift */ = {isa = PBXFileReference; lastKnownFileType = sourcecode.swift; path = SceneDelegate.swift; sourceTree = "<group>"; };
		6D4E76E424DEE7350068BAE4 /* ToDoListViewController.swift */ = {isa = PBXFileReference; lastKnownFileType = sourcecode.swift; path = ToDoListViewController.swift; sourceTree = "<group>"; };
		6D4E76E724DEE7350068BAE4 /* Base */ = {isa = PBXFileReference; lastKnownFileType = file.storyboard; name = Base; path = Base.lproj/Main.storyboard; sourceTree = "<group>"; };
		6D4E76E924DEE7360068BAE4 /* Assets.xcassets */ = {isa = PBXFileReference; lastKnownFileType = folder.assetcatalog; path = Assets.xcassets; sourceTree = "<group>"; };
		6D4E76EC24DEE7360068BAE4 /* Base */ = {isa = PBXFileReference; lastKnownFileType = file.storyboard; name = Base; path = Base.lproj/LaunchScreen.storyboard; sourceTree = "<group>"; };
		6D4E76EE24DEE7360068BAE4 /* Info.plist */ = {isa = PBXFileReference; lastKnownFileType = text.plist.xml; path = Info.plist; sourceTree = "<group>"; };
		6D4EAD2E24E5EC18009954D1 /* CategoryViewController.swift */ = {isa = PBXFileReference; lastKnownFileType = sourcecode.swift; path = CategoryViewController.swift; sourceTree = "<group>"; };
		6DB3B9CE24E8386D007F7339 /* Item.swift */ = {isa = PBXFileReference; lastKnownFileType = sourcecode.swift; path = Item.swift; sourceTree = "<group>"; };
		6DB3B9D024E838FA007F7339 /* Category.swift */ = {isa = PBXFileReference; lastKnownFileType = sourcecode.swift; path = Category.swift; sourceTree = "<group>"; };
		6DE4F10224EB1FBE005F1217 /* SwipeTableViewController.swift */ = {isa = PBXFileReference; lastKnownFileType = sourcecode.swift; path = SwipeTableViewController.swift; sourceTree = "<group>"; };
		A55E116C06BE90F297463DF8 /* Pods_ToDoList.framework */ = {isa = PBXFileReference; explicitFileType = wrapper.framework; includeInIndex = 0; path = Pods_ToDoList.framework; sourceTree = BUILT_PRODUCTS_DIR; };
/* End PBXFileReference section */

/* Begin PBXFrameworksBuildPhase section */
		6D4E76DA24DEE7350068BAE4 /* Frameworks */ = {
			isa = PBXFrameworksBuildPhase;
			buildActionMask = 2147483647;
			files = (
				21621184C1D7418A2A004136 /* Pods_ToDoList.framework in Frameworks */,
			);
			runOnlyForDeploymentPostprocessing = 0;
		};
/* End PBXFrameworksBuildPhase section */

/* Begin PBXGroup section */
		01F4A8FFB39195940DA5C807 /* Pods */ = {
			isa = PBXGroup;
			children = (
				3ABD8593BD372D1D52372E0E /* Pods-ToDoList.debug.xcconfig */,
				1521D9F76087F2154A02B519 /* Pods-ToDoList.release.xcconfig */,
			);
			path = Pods;
			sourceTree = "<group>";
		};
		491C52FF7AA73E33BA05ABDB /* Frameworks */ = {
			isa = PBXGroup;
			children = (
				A55E116C06BE90F297463DF8 /* Pods_ToDoList.framework */,
			);
			name = Frameworks;
			sourceTree = "<group>";
		};
		6D4E76D424DEE7350068BAE4 = {
			isa = PBXGroup;
			children = (
				6D4E76DF24DEE7350068BAE4 /* ToDoList */,
				6D4E76DE24DEE7350068BAE4 /* Products */,
				01F4A8FFB39195940DA5C807 /* Pods */,
				491C52FF7AA73E33BA05ABDB /* Frameworks */,
			);
			sourceTree = "<group>";
		};
		6D4E76DE24DEE7350068BAE4 /* Products */ = {
			isa = PBXGroup;
			children = (
				6D4E76DD24DEE7350068BAE4 /* ToDoList.app */,
			);
			name = Products;
			sourceTree = "<group>";
		};
		6D4E76DF24DEE7350068BAE4 /* ToDoList */ = {
			isa = PBXGroup;
			children = (
				6D4E76E024DEE7350068BAE4 /* AppDelegate.swift */,
				6D4E76E224DEE7350068BAE4 /* SceneDelegate.swift */,
				6D4E771624DF10130068BAE4 /* Models */,
				6D4E771824DF10390068BAE4 /* Views */,
				6D4E771724DF10280068BAE4 /* Controllers */,
				6D4E771924DF10850068BAE4 /* Supporting Files */,
				6D4E76EE24DEE7360068BAE4 /* Info.plist */,
			);
			path = ToDoList;
			sourceTree = "<group>";
		};
		6D4E771624DF10130068BAE4 /* Models */ = {
			isa = PBXGroup;
			children = (
				6DB3B9CE24E8386D007F7339 /* Item.swift */,
				6DB3B9D024E838FA007F7339 /* Category.swift */,
			);
			path = Models;
			sourceTree = "<group>";
		};
		6D4E771724DF10280068BAE4 /* Controllers */ = {
			isa = PBXGroup;
			children = (
				6D4E76E424DEE7350068BAE4 /* ToDoListViewController.swift */,
				6D4EAD2E24E5EC18009954D1 /* CategoryViewController.swift */,
				6DE4F10224EB1FBE005F1217 /* SwipeTableViewController.swift */,
			);
			path = Controllers;
			sourceTree = "<group>";
		};
		6D4E771824DF10390068BAE4 /* Views */ = {
			isa = PBXGroup;
			children = (
				6D4E76E624DEE7350068BAE4 /* Main.storyboard */,
			);
			path = Views;
			sourceTree = "<group>";
		};
		6D4E771924DF10850068BAE4 /* Supporting Files */ = {
			isa = PBXGroup;
			children = (
				6D4E76E924DEE7360068BAE4 /* Assets.xcassets */,
				6D4E76EB24DEE7360068BAE4 /* LaunchScreen.storyboard */,
			);
			path = "Supporting Files";
			sourceTree = "<group>";
		};
/* End PBXGroup section */

/* Begin PBXNativeTarget section */
		6D4E76DC24DEE7350068BAE4 /* ToDoList */ = {
			isa = PBXNativeTarget;
			buildConfigurationList = 6D4E76F124DEE7360068BAE4 /* Build configuration list for PBXNativeTarget "ToDoList" */;
			buildPhases = (
				753BD63F935F955E9CB9340F /* [CP] Check Pods Manifest.lock */,
				6D4E76D924DEE7350068BAE4 /* Sources */,
				6D4E76DA24DEE7350068BAE4 /* Frameworks */,
				6D4E76DB24DEE7350068BAE4 /* Resources */,
				664D27AC0483D9A658C94DAD /* [CP] Embed Pods Frameworks */,
			);
			buildRules = (
			);
			dependencies = (
			);
			name = ToDoList;
			productName = ToDoList;
			productReference = 6D4E76DD24DEE7350068BAE4 /* ToDoList.app */;
			productType = "com.apple.product-type.application";
		};
/* End PBXNativeTarget section */

/* Begin PBXProject section */
		6D4E76D524DEE7350068BAE4 /* Project object */ = {
			isa = PBXProject;
			attributes = {
				LastSwiftUpdateCheck = 1160;
				LastUpgradeCheck = 1160;
				ORGANIZATIONNAME = Edgar;
				TargetAttributes = {
					6D4E76DC24DEE7350068BAE4 = {
						CreatedOnToolsVersion = 11.6;
					};
				};
			};
			buildConfigurationList = 6D4E76D824DEE7350068BAE4 /* Build configuration list for PBXProject "ToDoList" */;
			compatibilityVersion = "Xcode 9.3";
			developmentRegion = en;
			hasScannedForEncodings = 0;
			knownRegions = (
				en,
				Base,
			);
			mainGroup = 6D4E76D424DEE7350068BAE4;
			productRefGroup = 6D4E76DE24DEE7350068BAE4 /* Products */;
			projectDirPath = "";
			projectRoot = "";
			targets = (
				6D4E76DC24DEE7350068BAE4 /* ToDoList */,
			);
		};
/* End PBXProject section */

/* Begin PBXResourcesBuildPhase section */
		6D4E76DB24DEE7350068BAE4 /* Resources */ = {
			isa = PBXResourcesBuildPhase;
			buildActionMask = 2147483647;
			files = (
				6D4E76ED24DEE7360068BAE4 /* LaunchScreen.storyboard in Resources */,
				6D4E76EA24DEE7360068BAE4 /* Assets.xcassets in Resources */,
				6D4E76E824DEE7350068BAE4 /* Main.storyboard in Resources */,
			);
			runOnlyForDeploymentPostprocessing = 0;
		};
/* End PBXResourcesBuildPhase section */

/* Begin PBXShellScriptBuildPhase section */
		664D27AC0483D9A658C94DAD /* [CP] Embed Pods Frameworks */ = {
			isa = PBXShellScriptBuildPhase;
			buildActionMask = 2147483647;
			files = (
			);
			inputFileListPaths = (
				"${PODS_ROOT}/Target Support Files/Pods-ToDoList/Pods-ToDoList-frameworks-${CONFIGURATION}-input-files.xcfilelist",
			);
			name = "[CP] Embed Pods Frameworks";
			outputFileListPaths = (
				"${PODS_ROOT}/Target Support Files/Pods-ToDoList/Pods-ToDoList-frameworks-${CONFIGURATION}-output-files.xcfilelist",
			);
			runOnlyForDeploymentPostprocessing = 0;
			shellPath = /bin/sh;
			shellScript = "\"${PODS_ROOT}/Target Support Files/Pods-ToDoList/Pods-ToDoList-frameworks.sh\"\n";
			showEnvVarsInLog = 0;
		};
		753BD63F935F955E9CB9340F /* [CP] Check Pods Manifest.lock */ = {
			isa = PBXShellScriptBuildPhase;
			buildActionMask = 2147483647;
			files = (
			);
			inputFileListPaths = (
			);
			inputPaths = (
				"${PODS_PODFILE_DIR_PATH}/Podfile.lock",
				"${PODS_ROOT}/Manifest.lock",
			);
			name = "[CP] Check Pods Manifest.lock";
			outputFileListPaths = (
			);
			outputPaths = (
				"$(DERIVED_FILE_DIR)/Pods-ToDoList-checkManifestLockResult.txt",
			);
			runOnlyForDeploymentPostprocessing = 0;
			shellPath = /bin/sh;
			shellScript = "diff \"${PODS_PODFILE_DIR_PATH}/Podfile.lock\" \"${PODS_ROOT}/Manifest.lock\" > /dev/null\nif [ $? != 0 ] ; then\n    # print error to STDERR\n    echo \"error: The sandbox is not in sync with the Podfile.lock. Run 'pod install' or update your CocoaPods installation.\" >&2\n    exit 1\nfi\n# This output is used by Xcode 'outputs' to avoid re-running this script phase.\necho \"SUCCESS\" > \"${SCRIPT_OUTPUT_FILE_0}\"\n";
			showEnvVarsInLog = 0;
		};
/* End PBXShellScriptBuildPhase section */

/* Begin PBXSourcesBuildPhase section */
		6D4E76D924DEE7350068BAE4 /* Sources */ = {
			isa = PBXSourcesBuildPhase;
			buildActionMask = 2147483647;
			files = (
				6D4EAD2F24E5EC18009954D1 /* CategoryViewController.swift in Sources */,
				6D4E76E524DEE7350068BAE4 /* ToDoListViewController.swift in Sources */,
				6D4E76E124DEE7350068BAE4 /* AppDelegate.swift in Sources */,
				6DE4F10324EB1FBE005F1217 /* SwipeTableViewController.swift in Sources */,
				6DB3B9CF24E8386D007F7339 /* Item.swift in Sources */,
				6D4E76E324DEE7350068BAE4 /* SceneDelegate.swift in Sources */,
				6DB3B9D124E838FA007F7339 /* Category.swift in Sources */,
			);
			runOnlyForDeploymentPostprocessing = 0;
		};
/* End PBXSourcesBuildPhase section */

/* Begin PBXVariantGroup section */
		6D4E76E624DEE7350068BAE4 /* Main.storyboard */ = {
			isa = PBXVariantGroup;
			children = (
				6D4E76E724DEE7350068BAE4 /* Base */,
			);
			name = Main.storyboard;
			sourceTree = "<group>";
		};
		6D4E76EB24DEE7360068BAE4 /* LaunchScreen.storyboard */ = {
			isa = PBXVariantGroup;
			children = (
				6D4E76EC24DEE7360068BAE4 /* Base */,
			);
			name = LaunchScreen.storyboard;
			sourceTree = "<group>";
		};
/* End PBXVariantGroup section */

/* Begin XCBuildConfiguration section */
		6D4E76EF24DEE7360068BAE4 /* Debug */ = {
			isa = XCBuildConfiguration;
			buildSettings = {
				ALWAYS_SEARCH_USER_PATHS = NO;
				CLANG_ANALYZER_NONNULL = YES;
				CLANG_ANALYZER_NUMBER_OBJECT_CONVERSION = YES_AGGRESSIVE;
				CLANG_CXX_LANGUAGE_STANDARD = "gnu++14";
				CLANG_CXX_LIBRARY = "libc++";
				CLANG_ENABLE_MODULES = YES;
				CLANG_ENABLE_OBJC_ARC = YES;
				CLANG_ENABLE_OBJC_WEAK = YES;
				CLANG_WARN_BLOCK_CAPTURE_AUTORELEASING = YES;
				CLANG_WARN_BOOL_CONVERSION = YES;
				CLANG_WARN_COMMA = YES;
				CLANG_WARN_CONSTANT_CONVERSION = YES;
				CLANG_WARN_DEPRECATED_OBJC_IMPLEMENTATIONS = YES;
				CLANG_WARN_DIRECT_OBJC_ISA_USAGE = YES_ERROR;
				CLANG_WARN_DOCUMENTATION_COMMENTS = YES;
				CLANG_WARN_EMPTY_BODY = YES;
				CLANG_WARN_ENUM_CONVERSION = YES;
				CLANG_WARN_INFINITE_RECURSION = YES;
				CLANG_WARN_INT_CONVERSION = YES;
				CLANG_WARN_NON_LITERAL_NULL_CONVERSION = YES;
				CLANG_WARN_OBJC_IMPLICIT_RETAIN_SELF = YES;
				CLANG_WARN_OBJC_LITERAL_CONVERSION = YES;
				CLANG_WARN_OBJC_ROOT_CLASS = YES_ERROR;
				CLANG_WARN_RANGE_LOOP_ANALYSIS = YES;
				CLANG_WARN_STRICT_PROTOTYPES = YES;
				CLANG_WARN_SUSPICIOUS_MOVE = YES;
				CLANG_WARN_UNGUARDED_AVAILABILITY = YES_AGGRESSIVE;
				CLANG_WARN_UNREACHABLE_CODE = YES;
				CLANG_WARN__DUPLICATE_METHOD_MATCH = YES;
				COPY_PHASE_STRIP = NO;
				DEBUG_INFORMATION_FORMAT = dwarf;
				ENABLE_STRICT_OBJC_MSGSEND = YES;
				ENABLE_TESTABILITY = YES;
				GCC_C_LANGUAGE_STANDARD = gnu11;
				GCC_DYNAMIC_NO_PIC = NO;
				GCC_NO_COMMON_BLOCKS = YES;
				GCC_OPTIMIZATION_LEVEL = 0;
				GCC_PREPROCESSOR_DEFINITIONS = (
					"DEBUG=1",
					"$(inherited)",
				);
				GCC_WARN_64_TO_32_BIT_CONVERSION = YES;
				GCC_WARN_ABOUT_RETURN_TYPE = YES_ERROR;
				GCC_WARN_UNDECLARED_SELECTOR = YES;
				GCC_WARN_UNINITIALIZED_AUTOS = YES_AGGRESSIVE;
				GCC_WARN_UNUSED_FUNCTION = YES;
				GCC_WARN_UNUSED_VARIABLE = YES;
				IPHONEOS_DEPLOYMENT_TARGET = 13.6;
				MTL_ENABLE_DEBUG_INFO = INCLUDE_SOURCE;
				MTL_FAST_MATH = YES;
				ONLY_ACTIVE_ARCH = YES;
				SDKROOT = iphoneos;
				SWIFT_ACTIVE_COMPILATION_CONDITIONS = DEBUG;
				SWIFT_OPTIMIZATION_LEVEL = "-Onone";
			};
			name = Debug;
		};
		6D4E76F024DEE7360068BAE4 /* Release */ = {
			isa = XCBuildConfiguration;
			buildSettings = {
				ALWAYS_SEARCH_USER_PATHS = NO;
				CLANG_ANALYZER_NONNULL = YES;
				CLANG_ANALYZER_NUMBER_OBJECT_CONVERSION = YES_AGGRESSIVE;
				CLANG_CXX_LANGUAGE_STANDARD = "gnu++14";
				CLANG_CXX_LIBRARY = "libc++";
				CLANG_ENABLE_MODULES = YES;
				CLANG_ENABLE_OBJC_ARC = YES;
				CLANG_ENABLE_OBJC_WEAK = YES;
				CLANG_WARN_BLOCK_CAPTURE_AUTORELEASING = YES;
				CLANG_WARN_BOOL_CONVERSION = YES;
				CLANG_WARN_COMMA = YES;
				CLANG_WARN_CONSTANT_CONVERSION = YES;
				CLANG_WARN_DEPRECATED_OBJC_IMPLEMENTATIONS = YES;
				CLANG_WARN_DIRECT_OBJC_ISA_USAGE = YES_ERROR;
				CLANG_WARN_DOCUMENTATION_COMMENTS = YES;
				CLANG_WARN_EMPTY_BODY = YES;
				CLANG_WARN_ENUM_CONVERSION = YES;
				CLANG_WARN_INFINITE_RECURSION = YES;
				CLANG_WARN_INT_CONVERSION = YES;
				CLANG_WARN_NON_LITERAL_NULL_CONVERSION = YES;
				CLANG_WARN_OBJC_IMPLICIT_RETAIN_SELF = YES;
				CLANG_WARN_OBJC_LITERAL_CONVERSION = YES;
				CLANG_WARN_OBJC_ROOT_CLASS = YES_ERROR;
				CLANG_WARN_RANGE_LOOP_ANALYSIS = YES;
				CLANG_WARN_STRICT_PROTOTYPES = YES;
				CLANG_WARN_SUSPICIOUS_MOVE = YES;
				CLANG_WARN_UNGUARDED_AVAILABILITY = YES_AGGRESSIVE;
				CLANG_WARN_UNREACHABLE_CODE = YES;
				CLANG_WARN__DUPLICATE_METHOD_MATCH = YES;
				COPY_PHASE_STRIP = NO;
				DEBUG_INFORMATION_FORMAT = "dwarf-with-dsym";
				ENABLE_NS_ASSERTIONS = NO;
				ENABLE_STRICT_OBJC_MSGSEND = YES;
				GCC_C_LANGUAGE_STANDARD = gnu11;
				GCC_NO_COMMON_BLOCKS = YES;
				GCC_WARN_64_TO_32_BIT_CONVERSION = YES;
				GCC_WARN_ABOUT_RETURN_TYPE = YES_ERROR;
				GCC_WARN_UNDECLARED_SELECTOR = YES;
				GCC_WARN_UNINITIALIZED_AUTOS = YES_AGGRESSIVE;
				GCC_WARN_UNUSED_FUNCTION = YES;
				GCC_WARN_UNUSED_VARIABLE = YES;
				IPHONEOS_DEPLOYMENT_TARGET = 13.6;
				MTL_ENABLE_DEBUG_INFO = NO;
				MTL_FAST_MATH = YES;
				SDKROOT = iphoneos;
				SWIFT_COMPILATION_MODE = wholemodule;
				SWIFT_OPTIMIZATION_LEVEL = "-O";
				VALIDATE_PRODUCT = YES;
			};
			name = Release;
		};
		6D4E76F224DEE7360068BAE4 /* Debug */ = {
			isa = XCBuildConfiguration;
			baseConfigurationReference = 3ABD8593BD372D1D52372E0E /* Pods-ToDoList.debug.xcconfig */;
			buildSettings = {
				ASSETCATALOG_COMPILER_APPICON_NAME = AppIcon;
				CODE_SIGN_STYLE = Automatic;
				DEVELOPMENT_TEAM = QD77427QCY;
				INFOPLIST_FILE = ToDoList/Info.plist;
				LD_RUNPATH_SEARCH_PATHS = (
					"$(inherited)",
					"@executable_path/Frameworks",
				);
				PRODUCT_BUNDLE_IDENTIFIER = com.edgarh.ToDoList;
				PRODUCT_NAME = "$(TARGET_NAME)";
				SWIFT_VERSION = 5.0;
				TARGETED_DEVICE_FAMILY = "1,2";
			};
			name = Debug;
		};
		6D4E76F324DEE7360068BAE4 /* Release */ = {
			isa = XCBuildConfiguration;
			baseConfigurationReference = 1521D9F76087F2154A02B519 /* Pods-ToDoList.release.xcconfig */;
			buildSettings = {
				ASSETCATALOG_COMPILER_APPICON_NAME = AppIcon;
				CODE_SIGN_STYLE = Automatic;
				DEVELOPMENT_TEAM = QD77427QCY;
				INFOPLIST_FILE = ToDoList/Info.plist;
				LD_RUNPATH_SEARCH_PATHS = (
					"$(inherited)",
					"@executable_path/Frameworks",
				);
				PRODUCT_BUNDLE_IDENTIFIER = com.edgarh.ToDoList;
				PRODUCT_NAME = "$(TARGET_NAME)";
				SWIFT_VERSION = 5.0;
				TARGETED_DEVICE_FAMILY = "1,2";
			};
			name = Release;
		};
/* End XCBuildConfiguration section */

/* Begin XCConfigurationList section */
		6D4E76D824DEE7350068BAE4 /* Build configuration list for PBXProject "ToDoList" */ = {
			isa = XCConfigurationList;
			buildConfigurations = (
				6D4E76EF24DEE7360068BAE4 /* Debug */,
				6D4E76F024DEE7360068BAE4 /* Release */,
			);
			defaultConfigurationIsVisible = 0;
			defaultConfigurationName = Release;
		};
		6D4E76F124DEE7360068BAE4 /* Build configuration list for PBXNativeTarget "ToDoList" */ = {
			isa = XCConfigurationList;
			buildConfigurations = (
				6D4E76F224DEE7360068BAE4 /* Debug */,
				6D4E76F324DEE7360068BAE4 /* Release */,
			);
			defaultConfigurationIsVisible = 0;
			defaultConfigurationName = Release;
		};
/* End XCConfigurationList section */
	};
	rootObject = 6D4E76D524DEE7350068BAE4 /* Project object */;
}
